// !$*UTF8*$!
{
	archiveVersion = 1;
	classes = {
	};
	objectVersion = 55;
	objects = {

/* Begin PBXGroup section */
		CE67EF0726EB8EDE0040A8CA = {
			isa = PBXGroup;
			children = (
			);
			sourceTree = "<group>";
		};
/* End PBXGroup section */

/* Begin PBXProject section */
		CE67EF0826EB8EDE0040A8CA /* Project object */ = {
			isa = PBXProject;
			attributes = {
				BuildIndependentTargetsInParallel = 1;
				LastUpgradeCheck = 1300;
			};
			buildConfigurationList = CE67EF0B26EB8EDE0040A8CA /* Build configuration list for PBXProject "Beetle" */;
			compatibilityVersion = "Xcode 13.0";
			developmentRegion = en;
			hasScannedForEncodings = 0;
			knownRegions = (
				en,
				Base,
			);
			mainGroup = CE67EF0726EB8EDE0040A8CA;
			projectDirPath = "";
			projectRoot = "";
			targets = (
			);
		};
/* End PBXProject section */

/* Begin XCBuildConfiguration section */
		CE67EF0C26EB8EDE0040A8CA /* Debug */ = {
			isa = XCBuildConfiguration;
			buildSettings = {
			};
			name = Debug;
		};
		CE67EF0D26EB8EDE0040A8CA /* Release */ = {
			isa = XCBuildConfiguration;
			buildSettings = {
			};
			name = Release;
		};
/* End XCBuildConfiguration section */

/* Begin XCConfigurationList section */
		CE67EF0B26EB8EDE0040A8CA /* Build configuration list for PBXProject "Beetle" */ = {
			isa = XCConfigurationList;
			buildConfigurations = (
				CE67EF0C26EB8EDE0040A8CA /* Debug */,
				CE67EF0D26EB8EDE0040A8CA /* Release */,
			);
			defaultConfigurationIsVisible = 0;
			defaultConfigurationName = Release;
		};
/* End XCConfigurationList section */
	};
	rootObject = CE67EF0826EB8EDE0040A8CA /* Project object */;
}
