{
  "object": {
    "pins": [
      {
        "package": "Archivable",
        "repositoryURL": "https://github.com/archivable/package.git",
        "state": {
          "branch": "main",
          "revision": "66de8c8fdbc560ca89996f4b9d296dd3c626abd5",
          "version": null
        }
      },
      {
        "package": "Secrets",
        "repositoryURL": "https://github.com/beetlepot/secrets.git",
        "state": {
          "branch": "main",
          "revision": "5cfdf29033337308e1c82467cde4295e9b8fb883",
          "version": null
        }
      }
    ]
  },
  "version": 1
}
