{
  "object": {
    "pins": [
      {
        "package": "Archivable",
        "repositoryURL": "https://github.com/archivable/package.git",
        "state": {
          "branch": "main",
          "revision": "e9b5134b2f113d34caf617d3ef4ad207f0c467ce",
          "version": null
        }
      },
      {
        "package": "Secrets",
        "repositoryURL": "https://github.com/beetlepot/secrets.git",
        "state": {
          "branch": "main",
          "revision": "334e1d1b9d05f58c2fdccf3b8858bdce27a6e892",
          "version": null
        }
      }
    ]
  },
  "version": 1
}
