{
  "pins" : [
    {
      "identity" : "package",
      "kind" : "remoteSourceControl",
      "location" : "https://github.com/archivable/package.git",
      "state" : {
        "branch" : "main",
        "revision" : "0436ca1f8067276eac71cd1f6b9ed00312a6395f"
      }
    },
    {
      "identity" : "secrets",
      "kind" : "remoteSourceControl",
      "location" : "https://github.com/beetlepot/secrets.git",
      "state" : {
        "branch" : "main",
        "revision" : "4534acdd5f723aafb1c5f5d92fd79341dc82ce41"
      }
    }
  ],
  "version" : 2
}
